{
  "name": "vant-weapp-demo",
  "version": "1.0.0",
  "lockfileVersion": 3,
  "requires": true,
  "packages": {
    "": {
      "name": "vant-weapp-demo",
      "version": "1.0.0",
      "license": "ISC",
      "dependencies": {
        "@vant/weapp": "^1.0.0",
        "cnchar": "^3.2.4",
        "cnchar-info": "^3.2.4",
        "cnchar-order": "^3.2.4",
        "cnchar-radical": "^3.2.4",
        "cnchar-trad": "^3.2.4"
      }
    },
    "node_modules/@vant/weapp": {
      "version": "1.10.19",
      "resolved": "https://registry.npmmirror.com/@vant/weapp/-/weapp-1.10.19.tgz",
      "integrity": "sha512-RStOPlSELi9lqim9dGagguViUVMNnfZaEceZ248JZgPjn5TzL2nwwHGWl9VI69SBPC+5MPS+LXm7Z4jcdscFeg=="
    },
    "node_modules/cnchar": {
      "version": "3.2.4",
      "license": "MIT",
      "dependencies": {
        "cnchar-types": "^3.2.4"
      }
    },
    "node_modules/cnchar-info": {
      "version": "3.2.4",
      "resolved": "https://registry.npmmirror.com/cnchar-info/-/cnchar-info-3.2.4.tgz",
      "integrity": "sha512-zYJQ7q2SFsEaKDI1P1pEXKYGR/gDz6MzKVK0oBkACiuC7Bzn7mheDnUnwrIXY/zPJhkQJlwCDxeKjQuHMu+khQ==",
      "dependencies": {
        "cnchar-types": "^3.2.4"
      }
    },
    "node_modules/cnchar-order": {
      "version": "3.2.4",
      "resolved": "https://registry.npmmirror.com/cnchar-order/-/cnchar-order-3.2.4.tgz",
      "integrity": "sha512-obtwM5W5kNep5VEljkkxZLh4dzlZ4F2UkpQGtwi68E6MACh62aW3/cgvFXs9IVyQPQRTuMQivjJBA8c/kcIKcA==",
      "dependencies": {
        "cnchar-types": "^3.2.4"
      }
    },
    "node_modules/cnchar-radical": {
      "version": "3.2.4",
      "resolved": "https://registry.npmmirror.com/cnchar-radical/-/cnchar-radical-3.2.4.tgz",
      "integrity": "sha512-Qtjtowc7h1hQ05r4356V8IQOnQaFfh1cWAd32C0FM6NC2qfvEsI66dQ+srYcpk+pUdUikz/3uOSDwlILa+DP7Q==",
      "dependencies": {
        "cnchar-types": "^3.2.4"
      }
    },
    "node_modules/cnchar-trad": {
      "version": "3.2.4",
      "resolved": "https://registry.npmmirror.com/cnchar-trad/-/cnchar-trad-3.2.4.tgz",
      "integrity": "sha512-RWqH8UjBN8WG/2CEl6+Kck58lFinP9WysWOoZndD0gSkDV9lgAU3ssdJMJUPxzrcAAI26CfBk1OVXSKuZTNu3A==",
      "dependencies": {
        "cnchar-types": "^3.2.4"
      }
    },
    "node_modules/cnchar-types": {
      "version": "3.2.4",
      "license": "MIT"
    }
  }
}
